
Microsoft Visual Studio Solution File, Format Version 12.00
# Visual Studio 15
VisualStudioVersion = 15.0.27703.2047
MinimumVisualStudioVersion = 10.0.40219.1
Project("{FAE04EC0-301F-11D3-BF4B-00C04F79EFBC}") = "Core", "Core\Core.csproj", "{D4BA77E8-AEAE-4E3F-BAA9-913A77B185F4}"
EndProject
Project("{FAE04EC0-301F-11D3-BF4B-00C04F79EFBC}") = "Console", "Console\Console.csproj", "{1AB6F049-072E-473B-A697-2434A20F3D86}"
EndProject
Project("{FAE04EC0-301F-11D3-BF4B-00C04F79EFBC}") = "WindowsFormsApp", "WindowsFormsApp\WindowsFormsApp.csproj", "{9387C775-317B-4A93-9368-AA8A11FAE96A}"
EndProject
Global
	GlobalSection(SolutionConfigurationPlatforms) = preSolution
		Debug|Any CPU = Debug|Any CPU
		Release|Any CPU = Release|Any CPU
	EndGlobalSection
	GlobalSection(ProjectConfigurationPlatforms) = postSolution
		{D4BA77E8-AEAE-4E3F-BAA9-913A77B185F4}.Debug|Any CPU.ActiveCfg = Debug|Any CPU
		{D4BA77E8-AEAE-4E3F-BAA9-913A77B185F4}.Debug|Any CPU.Build.0 = Debug|Any CPU
		{D4BA77E8-AEAE-4E3F-BAA9-913A77B185F4}.Release|Any CPU.ActiveCfg = Release|Any CPU
		{D4BA77E8-AEAE-4E3F-BAA9-913A77B185F4}.Release|Any CPU.Build.0 = Release|Any CPU
		{1AB6F049-072E-473B-A697-2434A20F3D86}.Debug|Any CPU.ActiveCfg = Debug|Any CPU
		{1AB6F049-072E-473B-A697-2434A20F3D86}.Debug|Any CPU.Build.0 = Debug|Any CPU
		{1AB6F049-072E-473B-A697-2434A20F3D86}.Release|Any CPU.ActiveCfg = Release|Any CPU
		{1AB6F049-072E-473B-A697-2434A20F3D86}.Release|Any CPU.Build.0 = Release|Any CPU
		{9387C775-317B-4A93-9368-AA8A11FAE96A}.Debug|Any CPU.ActiveCfg = Debug|Any CPU
		{9387C775-317B-4A93-9368-AA8A11FAE96A}.Debug|Any CPU.Build.0 = Debug|Any CPU
		{9387C775-317B-4A93-9368-AA8A11FAE96A}.Release|Any CPU.ActiveCfg = Release|Any CPU
		{9387C775-317B-4A93-9368-AA8A11FAE96A}.Release|Any CPU.Build.0 = Release|Any CPU
	EndGlobalSection
	GlobalSection(SolutionProperties) = preSolution
		HideSolutionNode = FALSE
	EndGlobalSection
	GlobalSection(ExtensibilityGlobals) = postSolution
		SolutionGuid = {05E9C29D-0E0E-439D-B3FE-F5652F310EF4}
	EndGlobalSection
EndGlobal
